
Microsoft Visual Studio Solution File, Format Version 12.00
# Visual Studio Version 17
VisualStudioVersion = 17.4.33213.308
MinimumVisualStudioVersion = 10.0.40219.1
Project("{FAE04EC0-301F-11D3-BF4B-00C04F79EFBC}") = "ConsoleApp21", "ConsoleApp21\ConsoleApp21.csproj", "{CE22453C-4EDF-4BCB-970E-E0B0ADE5FE53}"
EndProject
Global
	GlobalSection(SolutionConfigurationPlatforms) = preSolution
		Debug|Any CPU = Debug|Any CPU
		Release|Any CPU = Release|Any CPU
	EndGlobalSection
	GlobalSection(ProjectConfigurationPlatforms) = postSolution
		{CE22453C-4EDF-4BCB-970E-E0B0ADE5FE53}.Debug|Any CPU.ActiveCfg = Debug|Any CPU
		{CE22453C-4EDF-4BCB-970E-E0B0ADE5FE53}.Debug|Any CPU.Build.0 = Debug|Any CPU
		{CE22453C-4EDF-4BCB-970E-E0B0ADE5FE53}.Release|Any CPU.ActiveCfg = Release|Any CPU
		{CE22453C-4EDF-4BCB-970E-E0B0ADE5FE53}.Release|Any CPU.Build.0 = Release|Any CPU
	EndGlobalSection
	GlobalSection(SolutionProperties) = preSolution
		HideSolutionNode = FALSE
	EndGlobalSection
	GlobalSection(ExtensibilityGlobals) = postSolution
		SolutionGuid = {A3263AF8-2EA3-48D5-A8C0-0DC85C313088}
	EndGlobalSection
EndGlobal
